Microsoft Visual Studio Solution File, Format Version 12.00
# Visual Studio 16
Project("{2150E333-8FDC-42A3-9474-1A3956D46DE8}") = "CMakePredefinedTargets", "vs\CMakePredefinedTargets", "{495E001C-4D06-394C-B0DD-7330388EFECE}"
EndProject
Project("{2150E333-8FDC-42A3-9474-1A3956D46DE8}") = "GLFW3", "vs\GLFW3", "{9291F3DE-38FF-35DB-9802-F1CED57958DF}"
EndProject
Project("{8BC9CEB8-8B4A-11D0-8D11-00A0C91BC942}") = "ALL_BUILD", "vs\ALL_BUILD.vcxproj", "{34CD976B-7A40-3925-AB9C-E29FDE81E71B}"
	ProjectSection(ProjectDependencies) = postProject
		{A7D7E6F6-22FD-3548-971A-E778C0F3F0FB} = {A7D7E6F6-22FD-3548-971A-E778C0F3F0FB}
		{727183CF-FD01-3404-A708-11553C0BD7E1} = {727183CF-FD01-3404-A708-11553C0BD7E1}
		{38B931B0-C635-3809-8FCC-DF6321912FD1} = {38B931B0-C635-3809-8FCC-DF6321912FD1}
		{873822C6-932C-3AB2-BF9D-35E268B1C068} = {873822C6-932C-3AB2-BF9D-35E268B1C068}
		{6880D6B4-1B85-325B-8355-802D365A888F} = {6880D6B4-1B85-325B-8355-802D365A888F}
		{2AC71DCB-E256-363C-82E4-38BA23E2DA22} = {2AC71DCB-E256-363C-82E4-38BA23E2DA22}
	EndProjectSection
EndProject
Project("{8BC9CEB8-8B4A-11D0-8D11-00A0C91BC942}") = "INSTALL", "vs\INSTALL.vcxproj", "{44AFC7D0-4584-348B-A13E-F42D31C8C0AE}"
	ProjectSection(ProjectDependencies) = postProject
		{34CD976B-7A40-3925-AB9C-E29FDE81E71B} = {34CD976B-7A40-3925-AB9C-E29FDE81E71B}
		{727183CF-FD01-3404-A708-11553C0BD7E1} = {727183CF-FD01-3404-A708-11553C0BD7E1}
	EndProjectSection
EndProject
Project("{8BC9CEB8-8B4A-11D0-8D11-00A0C91BC942}") = "OpenAL", "vs\external\openal-soft\OpenAL.vcxproj", "{A7D7E6F6-22FD-3548-971A-E778C0F3F0FB}"
	ProjectSection(ProjectDependencies) = postProject
		{727183CF-FD01-3404-A708-11553C0BD7E1} = {727183CF-FD01-3404-A708-11553C0BD7E1}
		{409822AB-3E1E-3B40-9CD9-97A4A66CF253} = {409822AB-3E1E-3B40-9CD9-97A4A66CF253}
	EndProjectSection
EndProject
Project("{8BC9CEB8-8B4A-11D0-8D11-00A0C91BC942}") = "ZERO_CHECK", "vs\ZERO_CHECK.vcxproj", "{727183CF-FD01-3404-A708-11553C0BD7E1}"
	ProjectSection(ProjectDependencies) = postProject
	EndProjectSection
EndProject
Project("{8BC9CEB8-8B4A-11D0-8D11-00A0C91BC942}") = "common", "vs\external\openal-soft\common.vcxproj", "{409822AB-3E1E-3B40-9CD9-97A4A66CF253}"
	ProjectSection(ProjectDependencies) = postProject
		{727183CF-FD01-3404-A708-11553C0BD7E1} = {727183CF-FD01-3404-A708-11553C0BD7E1}
	EndProjectSection
EndProject
Project("{8BC9CEB8-8B4A-11D0-8D11-00A0C91BC942}") = "copy_resource_files", "vs\copy_resource_files.vcxproj", "{38B931B0-C635-3809-8FCC-DF6321912FD1}"
	ProjectSection(ProjectDependencies) = postProject
		{727183CF-FD01-3404-A708-11553C0BD7E1} = {727183CF-FD01-3404-A708-11553C0BD7E1}
	EndProjectSection
EndProject
Project("{8BC9CEB8-8B4A-11D0-8D11-00A0C91BC942}") = "copy_shader_files", "vs\copy_shader_files.vcxproj", "{873822C6-932C-3AB2-BF9D-35E268B1C068}"
	ProjectSection(ProjectDependencies) = postProject
		{727183CF-FD01-3404-A708-11553C0BD7E1} = {727183CF-FD01-3404-A708-11553C0BD7E1}
	EndProjectSection
EndProject
Project("{8BC9CEB8-8B4A-11D0-8D11-00A0C91BC942}") = "ex-common", "vs\external\openal-soft\ex-common.vcxproj", "{9BE1B0F0-502F-38A0-BC76-E865D2E6C6DB}"
	ProjectSection(ProjectDependencies) = postProject
		{A7D7E6F6-22FD-3548-971A-E778C0F3F0FB} = {A7D7E6F6-22FD-3548-971A-E778C0F3F0FB}
		{727183CF-FD01-3404-A708-11553C0BD7E1} = {727183CF-FD01-3404-A708-11553C0BD7E1}
	EndProjectSection
EndProject
Project("{8BC9CEB8-8B4A-11D0-8D11-00A0C91BC942}") = "glfw", "vs\external\glfw\src\glfw.vcxproj", "{6880D6B4-1B85-325B-8355-802D365A888F}"
	ProjectSection(ProjectDependencies) = postProject
		{727183CF-FD01-3404-A708-11553C0BD7E1} = {727183CF-FD01-3404-A708-11553C0BD7E1}
	EndProjectSection
EndProject
Project("{8BC9CEB8-8B4A-11D0-8D11-00A0C91BC942}") = "tables", "vs\tables.vcxproj", "{2AC71DCB-E256-363C-82E4-38BA23E2DA22}"
	ProjectSection(ProjectDependencies) = postProject
		{A7D7E6F6-22FD-3548-971A-E778C0F3F0FB} = {A7D7E6F6-22FD-3548-971A-E778C0F3F0FB}
		{727183CF-FD01-3404-A708-11553C0BD7E1} = {727183CF-FD01-3404-A708-11553C0BD7E1}
		{6880D6B4-1B85-325B-8355-802D365A888F} = {6880D6B4-1B85-325B-8355-802D365A888F}
	EndProjectSection
EndProject
Global
	GlobalSection(SolutionConfigurationPlatforms) = preSolution
		Debug|x64 = Debug|x64
		Release|x64 = Release|x64
		MinSizeRel|x64 = MinSizeRel|x64
		RelWithDebInfo|x64 = RelWithDebInfo|x64
	EndGlobalSection
	GlobalSection(ProjectConfigurationPlatforms) = postSolution
		{34CD976B-7A40-3925-AB9C-E29FDE81E71B}.Debug|x64.ActiveCfg = Debug|x64
		{34CD976B-7A40-3925-AB9C-E29FDE81E71B}.Debug|x64.Build.0 = Debug|x64
		{34CD976B-7A40-3925-AB9C-E29FDE81E71B}.Release|x64.ActiveCfg = Release|x64
		{34CD976B-7A40-3925-AB9C-E29FDE81E71B}.Release|x64.Build.0 = Release|x64
		{34CD976B-7A40-3925-AB9C-E29FDE81E71B}.MinSizeRel|x64.ActiveCfg = MinSizeRel|x64
		{34CD976B-7A40-3925-AB9C-E29FDE81E71B}.MinSizeRel|x64.Build.0 = MinSizeRel|x64
		{34CD976B-7A40-3925-AB9C-E29FDE81E71B}.RelWithDebInfo|x64.ActiveCfg = RelWithDebInfo|x64
		{34CD976B-7A40-3925-AB9C-E29FDE81E71B}.RelWithDebInfo|x64.Build.0 = RelWithDebInfo|x64
		{44AFC7D0-4584-348B-A13E-F42D31C8C0AE}.Debug|x64.ActiveCfg = Debug|x64
		{44AFC7D0-4584-348B-A13E-F42D31C8C0AE}.Release|x64.ActiveCfg = Release|x64
		{44AFC7D0-4584-348B-A13E-F42D31C8C0AE}.MinSizeRel|x64.ActiveCfg = MinSizeRel|x64
		{44AFC7D0-4584-348B-A13E-F42D31C8C0AE}.RelWithDebInfo|x64.ActiveCfg = RelWithDebInfo|x64
		{A7D7E6F6-22FD-3548-971A-E778C0F3F0FB}.Debug|x64.ActiveCfg = Debug|x64
		{A7D7E6F6-22FD-3548-971A-E778C0F3F0FB}.Debug|x64.Build.0 = Debug|x64
		{A7D7E6F6-22FD-3548-971A-E778C0F3F0FB}.Release|x64.ActiveCfg = Release|x64
		{A7D7E6F6-22FD-3548-971A-E778C0F3F0FB}.Release|x64.Build.0 = Release|x64
		{A7D7E6F6-22FD-3548-971A-E778C0F3F0FB}.MinSizeRel|x64.ActiveCfg = MinSizeRel|x64
		{A7D7E6F6-22FD-3548-971A-E778C0F3F0FB}.MinSizeRel|x64.Build.0 = MinSizeRel|x64
		{A7D7E6F6-22FD-3548-971A-E778C0F3F0FB}.RelWithDebInfo|x64.ActiveCfg = RelWithDebInfo|x64
		{A7D7E6F6-22FD-3548-971A-E778C0F3F0FB}.RelWithDebInfo|x64.Build.0 = RelWithDebInfo|x64
		{727183CF-FD01-3404-A708-11553C0BD7E1}.Debug|x64.ActiveCfg = Debug|x64
		{727183CF-FD01-3404-A708-11553C0BD7E1}.Debug|x64.Build.0 = Debug|x64
		{727183CF-FD01-3404-A708-11553C0BD7E1}.Release|x64.ActiveCfg = Release|x64
		{727183CF-FD01-3404-A708-11553C0BD7E1}.Release|x64.Build.0 = Release|x64
		{727183CF-FD01-3404-A708-11553C0BD7E1}.MinSizeRel|x64.ActiveCfg = MinSizeRel|x64
		{727183CF-FD01-3404-A708-11553C0BD7E1}.MinSizeRel|x64.Build.0 = MinSizeRel|x64
		{727183CF-FD01-3404-A708-11553C0BD7E1}.RelWithDebInfo|x64.ActiveCfg = RelWithDebInfo|x64
		{727183CF-FD01-3404-A708-11553C0BD7E1}.RelWithDebInfo|x64.Build.0 = RelWithDebInfo|x64
		{409822AB-3E1E-3B40-9CD9-97A4A66CF253}.Debug|x64.ActiveCfg = Debug|x64
		{409822AB-3E1E-3B40-9CD9-97A4A66CF253}.Debug|x64.Build.0 = Debug|x64
		{409822AB-3E1E-3B40-9CD9-97A4A66CF253}.Release|x64.ActiveCfg = Release|x64
		{409822AB-3E1E-3B40-9CD9-97A4A66CF253}.Release|x64.Build.0 = Release|x64
		{409822AB-3E1E-3B40-9CD9-97A4A66CF253}.MinSizeRel|x64.ActiveCfg = MinSizeRel|x64
		{409822AB-3E1E-3B40-9CD9-97A4A66CF253}.MinSizeRel|x64.Build.0 = MinSizeRel|x64
		{409822AB-3E1E-3B40-9CD9-97A4A66CF253}.RelWithDebInfo|x64.ActiveCfg = RelWithDebInfo|x64
		{409822AB-3E1E-3B40-9CD9-97A4A66CF253}.RelWithDebInfo|x64.Build.0 = RelWithDebInfo|x64
		{38B931B0-C635-3809-8FCC-DF6321912FD1}.Debug|x64.ActiveCfg = Debug|x64
		{38B931B0-C635-3809-8FCC-DF6321912FD1}.Debug|x64.Build.0 = Debug|x64
		{38B931B0-C635-3809-8FCC-DF6321912FD1}.Release|x64.ActiveCfg = Release|x64
		{38B931B0-C635-3809-8FCC-DF6321912FD1}.Release|x64.Build.0 = Release|x64
		{38B931B0-C635-3809-8FCC-DF6321912FD1}.MinSizeRel|x64.ActiveCfg = MinSizeRel|x64
		{38B931B0-C635-3809-8FCC-DF6321912FD1}.MinSizeRel|x64.Build.0 = MinSizeRel|x64
		{38B931B0-C635-3809-8FCC-DF6321912FD1}.RelWithDebInfo|x64.ActiveCfg = RelWithDebInfo|x64
		{38B931B0-C635-3809-8FCC-DF6321912FD1}.RelWithDebInfo|x64.Build.0 = RelWithDebInfo|x64
		{873822C6-932C-3AB2-BF9D-35E268B1C068}.Debug|x64.ActiveCfg = Debug|x64
		{873822C6-932C-3AB2-BF9D-35E268B1C068}.Debug|x64.Build.0 = Debug|x64
		{873822C6-932C-3AB2-BF9D-35E268B1C068}.Release|x64.ActiveCfg = Release|x64
		{873822C6-932C-3AB2-BF9D-35E268B1C068}.Release|x64.Build.0 = Release|x64
		{873822C6-932C-3AB2-BF9D-35E268B1C068}.MinSizeRel|x64.ActiveCfg = MinSizeRel|x64
		{873822C6-932C-3AB2-BF9D-35E268B1C068}.MinSizeRel|x64.Build.0 = MinSizeRel|x64
		{873822C6-932C-3AB2-BF9D-35E268B1C068}.RelWithDebInfo|x64.ActiveCfg = RelWithDebInfo|x64
		{873822C6-932C-3AB2-BF9D-35E268B1C068}.RelWithDebInfo|x64.Build.0 = RelWithDebInfo|x64
		{9BE1B0F0-502F-38A0-BC76-E865D2E6C6DB}.Debug|x64.ActiveCfg = Debug|x64
		{9BE1B0F0-502F-38A0-BC76-E865D2E6C6DB}.Debug|x64.Build.0 = Debug|x64
		{9BE1B0F0-502F-38A0-BC76-E865D2E6C6DB}.Release|x64.ActiveCfg = Release|x64
		{9BE1B0F0-502F-38A0-BC76-E865D2E6C6DB}.Release|x64.Build.0 = Release|x64
		{9BE1B0F0-502F-38A0-BC76-E865D2E6C6DB}.MinSizeRel|x64.ActiveCfg = MinSizeRel|x64
		{9BE1B0F0-502F-38A0-BC76-E865D2E6C6DB}.MinSizeRel|x64.Build.0 = MinSizeRel|x64
		{9BE1B0F0-502F-38A0-BC76-E865D2E6C6DB}.RelWithDebInfo|x64.ActiveCfg = RelWithDebInfo|x64
		{9BE1B0F0-502F-38A0-BC76-E865D2E6C6DB}.RelWithDebInfo|x64.Build.0 = RelWithDebInfo|x64
		{6880D6B4-1B85-325B-8355-802D365A888F}.Debug|x64.ActiveCfg = Debug|x64
		{6880D6B4-1B85-325B-8355-802D365A888F}.Debug|x64.Build.0 = Debug|x64
		{6880D6B4-1B85-325B-8355-802D365A888F}.Release|x64.ActiveCfg = Release|x64
		{6880D6B4-1B85-325B-8355-802D365A888F}.Release|x64.Build.0 = Release|x64
		{6880D6B4-1B85-325B-8355-802D365A888F}.MinSizeRel|x64.ActiveCfg = MinSizeRel|x64
		{6880D6B4-1B85-325B-8355-802D365A888F}.MinSizeRel|x64.Build.0 = MinSizeRel|x64
		{6880D6B4-1B85-325B-8355-802D365A888F}.RelWithDebInfo|x64.ActiveCfg = RelWithDebInfo|x64
		{6880D6B4-1B85-325B-8355-802D365A888F}.RelWithDebInfo|x64.Build.0 = RelWithDebInfo|x64
		{2AC71DCB-E256-363C-82E4-38BA23E2DA22}.Debug|x64.ActiveCfg = Debug|x64
		{2AC71DCB-E256-363C-82E4-38BA23E2DA22}.Debug|x64.Build.0 = Debug|x64
		{2AC71DCB-E256-363C-82E4-38BA23E2DA22}.Release|x64.ActiveCfg = Release|x64
		{2AC71DCB-E256-363C-82E4-38BA23E2DA22}.Release|x64.Build.0 = Release|x64
		{2AC71DCB-E256-363C-82E4-38BA23E2DA22}.MinSizeRel|x64.ActiveCfg = MinSizeRel|x64
		{2AC71DCB-E256-363C-82E4-38BA23E2DA22}.MinSizeRel|x64.Build.0 = MinSizeRel|x64
		{2AC71DCB-E256-363C-82E4-38BA23E2DA22}.RelWithDebInfo|x64.ActiveCfg = RelWithDebInfo|x64
		{2AC71DCB-E256-363C-82E4-38BA23E2DA22}.RelWithDebInfo|x64.Build.0 = RelWithDebInfo|x64
	EndGlobalSection
	GlobalSection(NestedProjects) = preSolution
		{34CD976B-7A40-3925-AB9C-E29FDE81E71B} = {495E001C-4D06-394C-B0DD-7330388EFECE}
		{44AFC7D0-4584-348B-A13E-F42D31C8C0AE} = {495E001C-4D06-394C-B0DD-7330388EFECE}
		{727183CF-FD01-3404-A708-11553C0BD7E1} = {495E001C-4D06-394C-B0DD-7330388EFECE}
		{6880D6B4-1B85-325B-8355-802D365A888F} = {9291F3DE-38FF-35DB-9802-F1CED57958DF}
	EndGlobalSection
	GlobalSection(ExtensibilityGlobals) = postSolution
		SolutionGuid = {674E56C2-B8E9-3D49-A445-2635C6AF2035}
	EndGlobalSection
	GlobalSection(ExtensibilityAddIns) = postSolution
	EndGlobalSection
EndGlobal
